
Microsoft Visual Studio Solution File, Format Version 12.00
# Visual Studio Version 17
VisualStudioVersion = 17.3.32804.467
MinimumVisualStudioVersion = 10.0.40219.1
Project("{2150E333-8FDC-42A3-9474-1A3956D46DE8}") = "functions", "functions", "{2C6635FE-0CC1-469E-A9F2-8F42BDED1953}"
EndProject
Project("{9A19103F-16F7-4668-BE54-9A1E7A4F7556}") = "functions", "functions\functions.csproj", "{A3876E54-3897-4BF2-B69E-BE3C45088A7E}"
EndProject
Project("{2150E333-8FDC-42A3-9474-1A3956D46DE8}") = "Infrastructure", "Infrastructure", "{0D277E19-EE4E-4DFD-B372-3AA4085AA2D7}"
EndProject
Project("{9A19103F-16F7-4668-BE54-9A1E7A4F7556}") = "Infrastructure", "Infrastructure\Infrastructure\Infrastructure.csproj", "{C388B4D9-C0B7-4B6E-9300-019C0EE241A0}"
EndProject
Global
	GlobalSection(SolutionConfigurationPlatforms) = preSolution
		Debug|Any CPU = Debug|Any CPU
		Release|Any CPU = Release|Any CPU
	EndGlobalSection
	GlobalSection(ProjectConfigurationPlatforms) = postSolution
		{A3876E54-3897-4BF2-B69E-BE3C45088A7E}.Debug|Any CPU.ActiveCfg = Debug|Any CPU
		{A3876E54-3897-4BF2-B69E-BE3C45088A7E}.Debug|Any CPU.Build.0 = Debug|Any CPU
		{A3876E54-3897-4BF2-B69E-BE3C45088A7E}.Release|Any CPU.ActiveCfg = Release|Any CPU
		{A3876E54-3897-4BF2-B69E-BE3C45088A7E}.Release|Any CPU.Build.0 = Release|Any CPU
		{C388B4D9-C0B7-4B6E-9300-019C0EE241A0}.Debug|Any CPU.ActiveCfg = Debug|Any CPU
		{C388B4D9-C0B7-4B6E-9300-019C0EE241A0}.Debug|Any CPU.Build.0 = Debug|Any CPU
		{C388B4D9-C0B7-4B6E-9300-019C0EE241A0}.Release|Any CPU.ActiveCfg = Release|Any CPU
		{C388B4D9-C0B7-4B6E-9300-019C0EE241A0}.Release|Any CPU.Build.0 = Release|Any CPU
	EndGlobalSection
	GlobalSection(SolutionProperties) = preSolution
		HideSolutionNode = FALSE
	EndGlobalSection
	GlobalSection(NestedProjects) = preSolution
		{A3876E54-3897-4BF2-B69E-BE3C45088A7E} = {2C6635FE-0CC1-469E-A9F2-8F42BDED1953}
		{C388B4D9-C0B7-4B6E-9300-019C0EE241A0} = {0D277E19-EE4E-4DFD-B372-3AA4085AA2D7}
	EndGlobalSection
	GlobalSection(ExtensibilityGlobals) = postSolution
		SolutionGuid = {DCAC80AC-D9CC-4999-8BD7-377E5F8B9426}
	EndGlobalSection
EndGlobal
